
Microsoft Visual Studio Solution File, Format Version 12.00
# Visual Studio Version 17
VisualStudioVersion = 17.4.33213.308
MinimumVisualStudioVersion = 10.0.40219.1
Project("{FAE04EC0-301F-11D3-BF4B-00C04F79EFBC}") = "Casino", "Casino\Casino.csproj", "{F6139D9F-D7F6-481E-95CB-3D311839A5D8}"
EndProject
Project("{FAE04EC0-301F-11D3-BF4B-00C04F79EFBC}") = "Casino.DAL", "Casino.DAL\Casino.DAL.csproj", "{14CF7884-AF45-4AFB-A752-97E162FFAF81}"
EndProject
Global
	GlobalSection(SolutionConfigurationPlatforms) = preSolution
		Debug|Any CPU = Debug|Any CPU
		Release|Any CPU = Release|Any CPU
	EndGlobalSection
	GlobalSection(ProjectConfigurationPlatforms) = postSolution
		{F6139D9F-D7F6-481E-95CB-3D311839A5D8}.Debug|Any CPU.ActiveCfg = Debug|Any CPU
		{F6139D9F-D7F6-481E-95CB-3D311839A5D8}.Debug|Any CPU.Build.0 = Debug|Any CPU
		{F6139D9F-D7F6-481E-95CB-3D311839A5D8}.Release|Any CPU.ActiveCfg = Release|Any CPU
		{F6139D9F-D7F6-481E-95CB-3D311839A5D8}.Release|Any CPU.Build.0 = Release|Any CPU
		{14CF7884-AF45-4AFB-A752-97E162FFAF81}.Debug|Any CPU.ActiveCfg = Debug|Any CPU
		{14CF7884-AF45-4AFB-A752-97E162FFAF81}.Debug|Any CPU.Build.0 = Debug|Any CPU
		{14CF7884-AF45-4AFB-A752-97E162FFAF81}.Release|Any CPU.ActiveCfg = Release|Any CPU
		{14CF7884-AF45-4AFB-A752-97E162FFAF81}.Release|Any CPU.Build.0 = Release|Any CPU
	EndGlobalSection
	GlobalSection(SolutionProperties) = preSolution
		HideSolutionNode = FALSE
	EndGlobalSection
	GlobalSection(ExtensibilityGlobals) = postSolution
		SolutionGuid = {4E751B29-42E2-40C8-B69A-CF9F260C8F44}
	EndGlobalSection
EndGlobal
